
Microsoft Visual Studio Solution File, Format Version 12.00
# Visual Studio Version 17
VisualStudioVersion = 17.7.34024.191
MinimumVisualStudioVersion = 10.0.40219.1
Project("{8BC9CEB8-8B4A-11D0-8D11-00A0C91BC942}") = "Lab_12.8", "Lab_12.8\Lab_12.8.vcxproj", "{29D78CDA-158E-493D-A136-89BC7073F30E}"
EndProject
Project("{8BC9CEB8-8B4A-11D0-8D11-00A0C91BC942}") = "UnitTest1", "UnitTest1\UnitTest1.vcxproj", "{31F27AC6-8DE3-4D2C-9A95-631F1EDB544A}"
EndProject
Global
	GlobalSection(SolutionConfigurationPlatforms) = preSolution
		Debug|x64 = Debug|x64
		Debug|x86 = Debug|x86
		Release|x64 = Release|x64
		Release|x86 = Release|x86
	EndGlobalSection
	GlobalSection(ProjectConfigurationPlatforms) = postSolution
		{29D78CDA-158E-493D-A136-89BC7073F30E}.Debug|x64.ActiveCfg = Debug|x64
		{29D78CDA-158E-493D-A136-89BC7073F30E}.Debug|x64.Build.0 = Debug|x64
		{29D78CDA-158E-493D-A136-89BC7073F30E}.Debug|x86.ActiveCfg = Debug|Win32
		{29D78CDA-158E-493D-A136-89BC7073F30E}.Debug|x86.Build.0 = Debug|Win32
		{29D78CDA-158E-493D-A136-89BC7073F30E}.Release|x64.ActiveCfg = Release|x64
		{29D78CDA-158E-493D-A136-89BC7073F30E}.Release|x64.Build.0 = Release|x64
		{29D78CDA-158E-493D-A136-89BC7073F30E}.Release|x86.ActiveCfg = Release|Win32
		{29D78CDA-158E-493D-A136-89BC7073F30E}.Release|x86.Build.0 = Release|Win32
		{31F27AC6-8DE3-4D2C-9A95-631F1EDB544A}.Debug|x64.ActiveCfg = Debug|x64
		{31F27AC6-8DE3-4D2C-9A95-631F1EDB544A}.Debug|x64.Build.0 = Debug|x64
		{31F27AC6-8DE3-4D2C-9A95-631F1EDB544A}.Debug|x86.ActiveCfg = Debug|Win32
		{31F27AC6-8DE3-4D2C-9A95-631F1EDB544A}.Debug|x86.Build.0 = Debug|Win32
		{31F27AC6-8DE3-4D2C-9A95-631F1EDB544A}.Release|x64.ActiveCfg = Release|x64
		{31F27AC6-8DE3-4D2C-9A95-631F1EDB544A}.Release|x64.Build.0 = Release|x64
		{31F27AC6-8DE3-4D2C-9A95-631F1EDB544A}.Release|x86.ActiveCfg = Release|Win32
		{31F27AC6-8DE3-4D2C-9A95-631F1EDB544A}.Release|x86.Build.0 = Release|Win32
	EndGlobalSection
	GlobalSection(SolutionProperties) = preSolution
		HideSolutionNode = FALSE
	EndGlobalSection
	GlobalSection(ExtensibilityGlobals) = postSolution
		SolutionGuid = {982E488A-F8CB-475A-A943-DB1E88631CF7}
	EndGlobalSection
EndGlobal
